{
  "pins" : [
    {
      "identity" : "backgroundremoval",
      "kind" : "remoteSourceControl",
      "location" : "https://github.com/Ezaldeen99/BackgroundRemoval.git",
      "state" : {
        "branch" : "main",
        "revision" : "3f3da746509cdfeefb837d35ba5ba620cd53bcfe"
      }
    }
  ],
  "version" : 2
}
